
Microsoft Visual Studio Solution File, Format Version 12.00
# Visual Studio 14
VisualStudioVersion = 14.0.24720.0
MinimumVisualStudioVersion = 10.0.40219.1
Project("{9092AA53-FB77-4645-B42D-1CCCA6BD08BD}") = "WebServer", "WebServer\WebServer.njsproj", "{59ED4D08-406C-4855-A55A-82E7132413DA}"
EndProject
Global
	GlobalSection(SolutionConfigurationPlatforms) = preSolution
		Debug|Any CPU = Debug|Any CPU
		Release|Any CPU = Release|Any CPU
	EndGlobalSection
	GlobalSection(ProjectConfigurationPlatforms) = postSolution
		{59ED4D08-406C-4855-A55A-82E7132413DA}.Debug|Any CPU.ActiveCfg = Debug|Any CPU
		{59ED4D08-406C-4855-A55A-82E7132413DA}.Debug|Any CPU.Build.0 = Debug|Any CPU
		{59ED4D08-406C-4855-A55A-82E7132413DA}.Release|Any CPU.ActiveCfg = Release|Any CPU
		{59ED4D08-406C-4855-A55A-82E7132413DA}.Release|Any CPU.Build.0 = Release|Any CPU
	EndGlobalSection
	GlobalSection(SolutionProperties) = preSolution
		HideSolutionNode = FALSE
	EndGlobalSection
EndGlobal
